// !$*UTF8*$!
{
	archiveVersion = 1;
	classes = {
	};
	objectVersion = 46;
	objects = {

/* Begin PBXBuildFile section */
		7501CBE6183DD08C00CCFF42 /* class.c in Sources */ = {isa = PBXBuildFile; fileRef = 7501CBE5183DD08C00CCFF42 /* class.c */; };
		7501CBEB183DD97600CCFF42 /* nil.c in Sources */ = {isa = PBXBuildFile; fileRef = 7501CBEA183DD97600CCFF42 /* nil.c */; };
		7541EAA118371D150082A78F /* str.c in Sources */ = {isa = PBXBuildFile; fileRef = 7541EAA018371D150082A78F /* str.c */; };
		7541EAA4183727890082A78F /* dictionary.c in Sources */ = {isa = PBXBuildFile; fileRef = 7541EAA3183727890082A78F /* dictionary.c */; };
		7541EAA918383C800082A78F /* assembler.c in Sources */ = {isa = PBXBuildFile; fileRef = 7541EAA818383C800082A78F /* assembler.c */; };
		7541EAAD1839A07C0082A78F /* block.c in Sources */ = {isa = PBXBuildFile; fileRef = 7541EAAC1839A07C0082A78F /* block.c */; };
		755178941862D73800168532 /* OVMIntegerTests.m in Sources */ = {isa = PBXBuildFile; fileRef = 755178931862D73800168532 /* OVMIntegerTests.m */; };
		755178961862DB8B00168532 /* OVMObjectTests.m in Sources */ = {isa = PBXBuildFile; fileRef = 755178951862DB8B00168532 /* OVMObjectTests.m */; };
		75517898186401C200168532 /* OVMClassTests.m in Sources */ = {isa = PBXBuildFile; fileRef = 75517897186401C200168532 /* OVMClassTests.m */; };
		7551789A1864202B00168532 /* OVMArrayTests.m in Sources */ = {isa = PBXBuildFile; fileRef = 755178991864202B00168532 /* OVMArrayTests.m */; };
		7551789C18645E3100168532 /* OVMStringTests.m in Sources */ = {isa = PBXBuildFile; fileRef = 7551789B18645E3100168532 /* OVMStringTests.m */; };
		7551789E1865592000168532 /* OVMVMTests.m in Sources */ = {isa = PBXBuildFile; fileRef = 7551789D1865592000168532 /* OVMVMTests.m */; };
		7574404B183044D10008416B /* Cocoa.framework in Frameworks */ = {isa = PBXBuildFile; fileRef = 7574404A183044D10008416B /* Cocoa.framework */; };
		75744055183044D10008416B /* InfoPlist.strings in Resources */ = {isa = PBXBuildFile; fileRef = 75744053183044D10008416B /* InfoPlist.strings */; };
		75744057183044D10008416B /* main.m in Sources */ = {isa = PBXBuildFile; fileRef = 75744056183044D10008416B /* main.m */; };
		7574405B183044D10008416B /* Credits.rtf in Resources */ = {isa = PBXBuildFile; fileRef = 75744059183044D10008416B /* Credits.rtf */; };
		7574405E183044D10008416B /* OVMAppDelegate.m in Sources */ = {isa = PBXBuildFile; fileRef = 7574405D183044D10008416B /* OVMAppDelegate.m */; };
		75744061183044D10008416B /* MainMenu.xib in Resources */ = {isa = PBXBuildFile; fileRef = 7574405F183044D10008416B /* MainMenu.xib */; };
		75744063183044D10008416B /* Images.xcassets in Resources */ = {isa = PBXBuildFile; fileRef = 75744062183044D10008416B /* Images.xcassets */; };
		7574406A183044D10008416B /* XCTest.framework in Frameworks */ = {isa = PBXBuildFile; fileRef = 75744069183044D10008416B /* XCTest.framework */; };
		7574406B183044D10008416B /* Cocoa.framework in Frameworks */ = {isa = PBXBuildFile; fileRef = 7574404A183044D10008416B /* Cocoa.framework */; };
		75744073183044D10008416B /* InfoPlist.strings in Resources */ = {isa = PBXBuildFile; fileRef = 75744071183044D10008416B /* InfoPlist.strings */; };
		757440801830450B0008416B /* object.c in Sources */ = {isa = PBXBuildFile; fileRef = 7574407F1830450B0008416B /* object.c */; };
		75744083183046E90008416B /* vm.c in Sources */ = {isa = PBXBuildFile; fileRef = 75744082183046E90008416B /* vm.c */; };
		75744088183048F50008416B /* stack.c in Sources */ = {isa = PBXBuildFile; fileRef = 75744087183048F50008416B /* stack.c */; };
		75A7CE261852F25900D155A3 /* array.c in Sources */ = {isa = PBXBuildFile; fileRef = 75A7CE251852F25900D155A3 /* array.c */; };
		75A88B4E183F0B40007B7D7A /* true_false.c in Sources */ = {isa = PBXBuildFile; fileRef = 75A88B4D183F0B40007B7D7A /* true_false.c */; };
		75A88B511841EC52007B7D7A /* primitive_table.c in Sources */ = {isa = PBXBuildFile; fileRef = 75A88B501841EC52007B7D7A /* primitive_table.c */; };
		75A88B541842BF53007B7D7A /* integer.c in Sources */ = {isa = PBXBuildFile; fileRef = 75A88B531842BF53007B7D7A /* integer.c */; };
		75A88B5A18431CD3007B7D7A /* tokenizer.c in Sources */ = {isa = PBXBuildFile; fileRef = 75A88B5918431CD3007B7D7A /* tokenizer.c */; };
		75A88B6118434127007B7D7A /* input_stream.c in Sources */ = {isa = PBXBuildFile; fileRef = 75A88B6018434127007B7D7A /* input_stream.c */; };
		75A88B661847DC14007B7D7A /* parser.c in Sources */ = {isa = PBXBuildFile; fileRef = 75A88B651847DC14007B7D7A /* parser.c */; };
/* End PBXBuildFile section */

/* Begin PBXContainerItemProxy section */
		7574406C183044D10008416B /* PBXContainerItemProxy */ = {
			isa = PBXContainerItemProxy;
			containerPortal = 7574403F183044D10008416B /* Project object */;
			proxyType = 1;
			remoteGlobalIDString = 75744046183044D10008416B;
			remoteInfo = ObjectVM;
		};
/* End PBXContainerItemProxy section */

/* Begin PBXFileReference section */
		7501CBE4183DD02200CCFF42 /* class.h */ = {isa = PBXFileReference; lastKnownFileType = sourcecode.c.h; path = class.h; sourceTree = "<group>"; };
		7501CBE5183DD08C00CCFF42 /* class.c */ = {isa = PBXFileReference; fileEncoding = 4; lastKnownFileType = sourcecode.c.c; path = class.c; sourceTree = "<group>"; };
		7501CBE7183DD8DA00CCFF42 /* nil.h */ = {isa = PBXFileReference; lastKnownFileType = sourcecode.c.h; path = nil.h; sourceTree = "<group>"; };
		7501CBEA183DD97600CCFF42 /* nil.c */ = {isa = PBXFileReference; fileEncoding = 4; lastKnownFileType = sourcecode.c.c; path = nil.c; sourceTree = "<group>"; };
		7541EA9F18371C750082A78F /* str.h */ = {isa = PBXFileReference; lastKnownFileType = sourcecode.c.h; path = str.h; sourceTree = "<group>"; };
		7541EAA018371D150082A78F /* str.c */ = {isa = PBXFileReference; fileEncoding = 4; lastKnownFileType = sourcecode.c.c; path = str.c; sourceTree = "<group>"; };
		7541EAA2183726950082A78F /* dictionary.h */ = {isa = PBXFileReference; lastKnownFileType = sourcecode.c.h; path = dictionary.h; sourceTree = "<group>"; };
		7541EAA3183727890082A78F /* dictionary.c */ = {isa = PBXFileReference; fileEncoding = 4; lastKnownFileType = sourcecode.c.c; path = dictionary.c; sourceTree = "<group>"; };
		7541EAA618383AFC0082A78F /* assembler.h */ = {isa = PBXFileReference; lastKnownFileType = sourcecode.c.h; path = assembler.h; sourceTree = "<group>"; };
		7541EAA718383B3D0082A78F /* instruction.h */ = {isa = PBXFileReference; lastKnownFileType = sourcecode.c.h; path = instruction.h; sourceTree = "<group>"; };
		7541EAA818383C800082A78F /* assembler.c */ = {isa = PBXFileReference; fileEncoding = 4; lastKnownFileType = sourcecode.c.c; path = assembler.c; sourceTree = "<group>"; };
		7541EAAB1839A0430082A78F /* block.h */ = {isa = PBXFileReference; lastKnownFileType = sourcecode.c.h; path = block.h; sourceTree = "<group>"; };
		7541EAAC1839A07C0082A78F /* block.c */ = {isa = PBXFileReference; fileEncoding = 4; lastKnownFileType = sourcecode.c.c; path = block.c; sourceTree = "<group>"; };
		755178931862D73800168532 /* OVMIntegerTests.m */ = {isa = PBXFileReference; fileEncoding = 4; lastKnownFileType = sourcecode.c.objc; path = OVMIntegerTests.m; sourceTree = "<group>"; };
		755178951862DB8B00168532 /* OVMObjectTests.m */ = {isa = PBXFileReference; fileEncoding = 4; lastKnownFileType = sourcecode.c.objc; path = OVMObjectTests.m; sourceTree = "<group>"; };
		75517897186401C200168532 /* OVMClassTests.m */ = {isa = PBXFileReference; fileEncoding = 4; lastKnownFileType = sourcecode.c.objc; path = OVMClassTests.m; sourceTree = "<group>"; };
		755178991864202B00168532 /* OVMArrayTests.m */ = {isa = PBXFileReference; fileEncoding = 4; lastKnownFileType = sourcecode.c.objc; path = OVMArrayTests.m; sourceTree = "<group>"; };
		7551789B18645E3100168532 /* OVMStringTests.m */ = {isa = PBXFileReference; fileEncoding = 4; lastKnownFileType = sourcecode.c.objc; path = OVMStringTests.m; sourceTree = "<group>"; };
		7551789D1865592000168532 /* OVMVMTests.m */ = {isa = PBXFileReference; fileEncoding = 4; lastKnownFileType = sourcecode.c.objc; path = OVMVMTests.m; sourceTree = "<group>"; };
		75744047183044D10008416B /* ObjectVM.app */ = {isa = PBXFileReference; explicitFileType = wrapper.application; includeInIndex = 0; path = ObjectVM.app; sourceTree = BUILT_PRODUCTS_DIR; };
		7574404A183044D10008416B /* Cocoa.framework */ = {isa = PBXFileReference; lastKnownFileType = wrapper.framework; name = Cocoa.framework; path = System/Library/Frameworks/Cocoa.framework; sourceTree = SDKROOT; };
		7574404D183044D10008416B /* AppKit.framework */ = {isa = PBXFileReference; lastKnownFileType = wrapper.framework; name = AppKit.framework; path = System/Library/Frameworks/AppKit.framework; sourceTree = SDKROOT; };
		7574404E183044D10008416B /* CoreData.framework */ = {isa = PBXFileReference; lastKnownFileType = wrapper.framework; name = CoreData.framework; path = System/Library/Frameworks/CoreData.framework; sourceTree = SDKROOT; };
		7574404F183044D10008416B /* Foundation.framework */ = {isa = PBXFileReference; lastKnownFileType = wrapper.framework; name = Foundation.framework; path = System/Library/Frameworks/Foundation.framework; sourceTree = SDKROOT; };
		75744052183044D10008416B /* ObjectVM-Info.plist */ = {isa = PBXFileReference; lastKnownFileType = text.plist.xml; path = "ObjectVM-Info.plist"; sourceTree = "<group>"; };
		75744054183044D10008416B /* en */ = {isa = PBXFileReference; lastKnownFileType = text.plist.strings; name = en; path = en.lproj/InfoPlist.strings; sourceTree = "<group>"; };
		75744056183044D10008416B /* main.m */ = {isa = PBXFileReference; lastKnownFileType = sourcecode.c.objc; path = main.m; sourceTree = "<group>"; };
		75744058183044D10008416B /* ObjectVM-Prefix.pch */ = {isa = PBXFileReference; lastKnownFileType = sourcecode.c.h; path = "ObjectVM-Prefix.pch"; sourceTree = "<group>"; };
		7574405A183044D10008416B /* en */ = {isa = PBXFileReference; lastKnownFileType = text.rtf; name = en; path = en.lproj/Credits.rtf; sourceTree = "<group>"; };
		7574405C183044D10008416B /* OVMAppDelegate.h */ = {isa = PBXFileReference; lastKnownFileType = sourcecode.c.h; path = OVMAppDelegate.h; sourceTree = "<group>"; };
		7574405D183044D10008416B /* OVMAppDelegate.m */ = {isa = PBXFileReference; lastKnownFileType = sourcecode.c.objc; path = OVMAppDelegate.m; sourceTree = "<group>"; };
		75744060183044D10008416B /* Base */ = {isa = PBXFileReference; lastKnownFileType = file.xib; name = Base; path = Base.lproj/MainMenu.xib; sourceTree = "<group>"; };
		75744062183044D10008416B /* Images.xcassets */ = {isa = PBXFileReference; lastKnownFileType = folder.assetcatalog; path = Images.xcassets; sourceTree = "<group>"; };
		75744068183044D10008416B /* ObjectVMTests.xctest */ = {isa = PBXFileReference; explicitFileType = wrapper.cfbundle; includeInIndex = 0; path = ObjectVMTests.xctest; sourceTree = BUILT_PRODUCTS_DIR; };
		75744069183044D10008416B /* XCTest.framework */ = {isa = PBXFileReference; lastKnownFileType = wrapper.framework; name = XCTest.framework; path = Library/Frameworks/XCTest.framework; sourceTree = DEVELOPER_DIR; };
		75744070183044D10008416B /* ObjectVMTests-Info.plist */ = {isa = PBXFileReference; lastKnownFileType = text.plist.xml; path = "ObjectVMTests-Info.plist"; sourceTree = "<group>"; };
		75744072183044D10008416B /* en */ = {isa = PBXFileReference; lastKnownFileType = text.plist.strings; name = en; path = en.lproj/InfoPlist.strings; sourceTree = "<group>"; };
		7574407E183045020008416B /* object.h */ = {isa = PBXFileReference; lastKnownFileType = sourcecode.c.h; path = object.h; sourceTree = "<group>"; };
		7574407F1830450B0008416B /* object.c */ = {isa = PBXFileReference; fileEncoding = 4; lastKnownFileType = sourcecode.c.c; path = object.c; sourceTree = "<group>"; };
		75744081183046E10008416B /* vm.h */ = {isa = PBXFileReference; lastKnownFileType = sourcecode.c.h; path = vm.h; sourceTree = "<group>"; };
		75744082183046E90008416B /* vm.c */ = {isa = PBXFileReference; fileEncoding = 4; lastKnownFileType = sourcecode.c.c; path = vm.c; sourceTree = "<group>"; };
		75744086183048F50008416B /* stack.h */ = {isa = PBXFileReference; fileEncoding = 4; lastKnownFileType = sourcecode.c.h; path = stack.h; sourceTree = "<group>"; };
		75744087183048F50008416B /* stack.c */ = {isa = PBXFileReference; fileEncoding = 4; lastKnownFileType = sourcecode.c.c; path = stack.c; sourceTree = "<group>"; };
		75A561411855697F00506F92 /* frame.h */ = {isa = PBXFileReference; lastKnownFileType = sourcecode.c.h; path = frame.h; sourceTree = "<group>"; };
		75A7CE231852F1D800D155A3 /* array.h */ = {isa = PBXFileReference; lastKnownFileType = sourcecode.c.h; path = array.h; sourceTree = "<group>"; };
		75A7CE251852F25900D155A3 /* array.c */ = {isa = PBXFileReference; fileEncoding = 4; lastKnownFileType = sourcecode.c.c; path = array.c; sourceTree = "<group>"; };
		75A88B4C183F0A7A007B7D7A /* true_false.h */ = {isa = PBXFileReference; lastKnownFileType = sourcecode.c.h; path = true_false.h; sourceTree = "<group>"; };
		75A88B4D183F0B40007B7D7A /* true_false.c */ = {isa = PBXFileReference; fileEncoding = 4; lastKnownFileType = sourcecode.c.c; path = true_false.c; sourceTree = "<group>"; };
		75A88B4F1841EBD0007B7D7A /* primitive_table.h */ = {isa = PBXFileReference; lastKnownFileType = sourcecode.c.h; path = primitive_table.h; sourceTree = "<group>"; };
		75A88B501841EC52007B7D7A /* primitive_table.c */ = {isa = PBXFileReference; fileEncoding = 4; lastKnownFileType = sourcecode.c.c; path = primitive_table.c; sourceTree = "<group>"; };
		75A88B521842BE21007B7D7A /* integer.h */ = {isa = PBXFileReference; lastKnownFileType = sourcecode.c.h; path = integer.h; sourceTree = "<group>"; };
		75A88B531842BF53007B7D7A /* integer.c */ = {isa = PBXFileReference; fileEncoding = 4; lastKnownFileType = sourcecode.c.c; path = integer.c; sourceTree = "<group>"; };
		75A88B5818431AAE007B7D7A /* tokenizer.h */ = {isa = PBXFileReference; lastKnownFileType = sourcecode.c.h; path = tokenizer.h; sourceTree = "<group>"; };
		75A88B5918431CD3007B7D7A /* tokenizer.c */ = {isa = PBXFileReference; fileEncoding = 4; lastKnownFileType = sourcecode.c.c; path = tokenizer.c; sourceTree = "<group>"; };
		75A88B5B18431CFE007B7D7A /* token.h */ = {isa = PBXFileReference; lastKnownFileType = sourcecode.c.h; path = token.h; sourceTree = "<group>"; };
		75A88B5F1843405A007B7D7A /* input_stream.h */ = {isa = PBXFileReference; lastKnownFileType = sourcecode.c.h; path = input_stream.h; sourceTree = "<group>"; };
		75A88B6018434127007B7D7A /* input_stream.c */ = {isa = PBXFileReference; fileEncoding = 4; lastKnownFileType = sourcecode.c.c; path = input_stream.c; sourceTree = "<group>"; };
		75A88B6318472E4D007B7D7A /* ast.h */ = {isa = PBXFileReference; lastKnownFileType = sourcecode.c.h; path = ast.h; sourceTree = "<group>"; };
		75A88B641847D824007B7D7A /* parser.h */ = {isa = PBXFileReference; lastKnownFileType = sourcecode.c.h; path = parser.h; sourceTree = "<group>"; };
		75A88B651847DC14007B7D7A /* parser.c */ = {isa = PBXFileReference; fileEncoding = 4; lastKnownFileType = sourcecode.c.c; path = parser.c; sourceTree = "<group>"; };
/* End PBXFileReference section */

/* Begin PBXFrameworksBuildPhase section */
		75744044183044D10008416B /* Frameworks */ = {
			isa = PBXFrameworksBuildPhase;
			buildActionMask = 2147483647;
			files = (
				7574404B183044D10008416B /* Cocoa.framework in Frameworks */,
			);
			runOnlyForDeploymentPostprocessing = 0;
		};
		75744065183044D10008416B /* Frameworks */ = {
			isa = PBXFrameworksBuildPhase;
			buildActionMask = 2147483647;
			files = (
				7574406B183044D10008416B /* Cocoa.framework in Frameworks */,
				7574406A183044D10008416B /* XCTest.framework in Frameworks */,
			);
			runOnlyForDeploymentPostprocessing = 0;
		};
/* End PBXFrameworksBuildPhase section */

/* Begin PBXGroup section */
		751374EF18E76B3B00594CC8 /* assembler */ = {
			isa = PBXGroup;
			children = (
				7541EAA618383AFC0082A78F /* assembler.h */,
				7541EAA818383C800082A78F /* assembler.c */,
			);
			name = assembler;
			sourceTree = "<group>";
		};
		7574403E183044D10008416B = {
			isa = PBXGroup;
			children = (
				75744050183044D10008416B /* ObjectVM */,
				7574406E183044D10008416B /* ObjectVMTests */,
				75744049183044D10008416B /* Frameworks */,
				75744048183044D10008416B /* Products */,
			);
			sourceTree = "<group>";
		};
		75744048183044D10008416B /* Products */ = {
			isa = PBXGroup;
			children = (
				75744047183044D10008416B /* ObjectVM.app */,
				75744068183044D10008416B /* ObjectVMTests.xctest */,
			);
			name = Products;
			sourceTree = "<group>";
		};
		75744049183044D10008416B /* Frameworks */ = {
			isa = PBXGroup;
			children = (
				7574404A183044D10008416B /* Cocoa.framework */,
				75744069183044D10008416B /* XCTest.framework */,
				7574404C183044D10008416B /* Other Frameworks */,
			);
			name = Frameworks;
			sourceTree = "<group>";
		};
		7574404C183044D10008416B /* Other Frameworks */ = {
			isa = PBXGroup;
			children = (
				7574404D183044D10008416B /* AppKit.framework */,
				7574404E183044D10008416B /* CoreData.framework */,
				7574404F183044D10008416B /* Foundation.framework */,
			);
			name = "Other Frameworks";
			sourceTree = "<group>";
		};
		75744050183044D10008416B /* ObjectVM */ = {
			isa = PBXGroup;
			children = (
				75744084183048D60008416B /* VM */,
				7574405C183044D10008416B /* OVMAppDelegate.h */,
				7574405D183044D10008416B /* OVMAppDelegate.m */,
				7574405F183044D10008416B /* MainMenu.xib */,
				75744062183044D10008416B /* Images.xcassets */,
				75744051183044D10008416B /* Supporting Files */,
			);
			path = ObjectVM;
			sourceTree = "<group>";
		};
		75744051183044D10008416B /* Supporting Files */ = {
			isa = PBXGroup;
			children = (
				75744052183044D10008416B /* ObjectVM-Info.plist */,
				75744053183044D10008416B /* InfoPlist.strings */,
				75744056183044D10008416B /* main.m */,
				75744058183044D10008416B /* ObjectVM-Prefix.pch */,
				75744059183044D10008416B /* Credits.rtf */,
			);
			name = "Supporting Files";
			sourceTree = "<group>";
		};
		7574406E183044D10008416B /* ObjectVMTests */ = {
			isa = PBXGroup;
			children = (
				7574406F183044D10008416B /* Supporting Files */,
				755178931862D73800168532 /* OVMIntegerTests.m */,
				755178951862DB8B00168532 /* OVMObjectTests.m */,
				75517897186401C200168532 /* OVMClassTests.m */,
				755178991864202B00168532 /* OVMArrayTests.m */,
				7551789B18645E3100168532 /* OVMStringTests.m */,
				7551789D1865592000168532 /* OVMVMTests.m */,
			);
			path = ObjectVMTests;
			sourceTree = "<group>";
		};
		7574406F183044D10008416B /* Supporting Files */ = {
			isa = PBXGroup;
			children = (
				75744070183044D10008416B /* ObjectVMTests-Info.plist */,
				75744071183044D10008416B /* InfoPlist.strings */,
			);
			name = "Supporting Files";
			sourceTree = "<group>";
		};
		75744084183048D60008416B /* VM */ = {
			isa = PBXGroup;
			children = (
				75A88B5718431AA5007B7D7A /* lexer */,
				75A88B5618431A64007B7D7A /* parser */,
				75A88B5518431A59007B7D7A /* vm */,
			);
			name = VM;
			sourceTree = "<group>";
		};
		75A88B5518431A59007B7D7A /* vm */ = {
			isa = PBXGroup;
			children = (
				751374EF18E76B3B00594CC8 /* assembler */,
				7574407E183045020008416B /* object.h */,
				7574407F1830450B0008416B /* object.c */,
				75744081183046E10008416B /* vm.h */,
				75744082183046E90008416B /* vm.c */,
				75744086183048F50008416B /* stack.h */,
				75744087183048F50008416B /* stack.c */,
				7541EA9F18371C750082A78F /* str.h */,
				7541EAA018371D150082A78F /* str.c */,
				7541EAA2183726950082A78F /* dictionary.h */,
				7541EAA3183727890082A78F /* dictionary.c */,
				7541EAA718383B3D0082A78F /* instruction.h */,
				7541EAAB1839A0430082A78F /* block.h */,
				7541EAAC1839A07C0082A78F /* block.c */,
				7501CBE4183DD02200CCFF42 /* class.h */,
				7501CBE5183DD08C00CCFF42 /* class.c */,
				7501CBE7183DD8DA00CCFF42 /* nil.h */,
				7501CBEA183DD97600CCFF42 /* nil.c */,
				75A88B4C183F0A7A007B7D7A /* true_false.h */,
				75A88B4D183F0B40007B7D7A /* true_false.c */,
				75A88B4F1841EBD0007B7D7A /* primitive_table.h */,
				75A88B501841EC52007B7D7A /* primitive_table.c */,
				75A88B521842BE21007B7D7A /* integer.h */,
				75A88B531842BF53007B7D7A /* integer.c */,
				75A7CE231852F1D800D155A3 /* array.h */,
				75A7CE251852F25900D155A3 /* array.c */,
				75A561411855697F00506F92 /* frame.h */,
			);
			name = vm;
			sourceTree = "<group>";
		};
		75A88B5618431A64007B7D7A /* parser */ = {
			isa = PBXGroup;
			children = (
				75A88B6318472E4D007B7D7A /* ast.h */,
				75A88B641847D824007B7D7A /* parser.h */,
				75A88B651847DC14007B7D7A /* parser.c */,
			);
			name = parser;
			sourceTree = "<group>";
		};
		75A88B5718431AA5007B7D7A /* lexer */ = {
			isa = PBXGroup;
			children = (
				75A88B5818431AAE007B7D7A /* tokenizer.h */,
				75A88B5918431CD3007B7D7A /* tokenizer.c */,
				75A88B5B18431CFE007B7D7A /* token.h */,
				75A88B5F1843405A007B7D7A /* input_stream.h */,
				75A88B6018434127007B7D7A /* input_stream.c */,
			);
			name = lexer;
			sourceTree = "<group>";
		};
/* End PBXGroup section */

/* Begin PBXNativeTarget section */
		75744046183044D10008416B /* ObjectVM */ = {
			isa = PBXNativeTarget;
			buildConfigurationList = 75744078183044D10008416B /* Build configuration list for PBXNativeTarget "ObjectVM" */;
			buildPhases = (
				75744043183044D10008416B /* Sources */,
				75744044183044D10008416B /* Frameworks */,
				75744045183044D10008416B /* Resources */,
			);
			buildRules = (
			);
			dependencies = (
			);
			name = ObjectVM;
			productName = ObjectVM;
			productReference = 75744047183044D10008416B /* ObjectVM.app */;
			productType = "com.apple.product-type.application";
		};
		75744067183044D10008416B /* ObjectVMTests */ = {
			isa = PBXNativeTarget;
			buildConfigurationList = 7574407B183044D10008416B /* Build configuration list for PBXNativeTarget "ObjectVMTests" */;
			buildPhases = (
				75744064183044D10008416B /* Sources */,
				75744065183044D10008416B /* Frameworks */,
				75744066183044D10008416B /* Resources */,
			);
			buildRules = (
			);
			dependencies = (
				7574406D183044D10008416B /* PBXTargetDependency */,
			);
			name = ObjectVMTests;
			productName = ObjectVMTests;
			productReference = 75744068183044D10008416B /* ObjectVMTests.xctest */;
			productType = "com.apple.product-type.bundle.unit-test";
		};
/* End PBXNativeTarget section */

/* Begin PBXProject section */
		7574403F183044D10008416B /* Project object */ = {
			isa = PBXProject;
			attributes = {
				CLASSPREFIX = OVM;
				LastUpgradeCheck = 0500;
				ORGANIZATIONNAME = "Kyle Roucis";
				TargetAttributes = {
					75744067183044D10008416B = {
						TestTargetID = 75744046183044D10008416B;
					};
				};
			};
			buildConfigurationList = 75744042183044D10008416B /* Build configuration list for PBXProject "ObjectVM" */;
			compatibilityVersion = "Xcode 3.2";
			developmentRegion = English;
			hasScannedForEncodings = 0;
			knownRegions = (
				en,
				Base,
			);
			mainGroup = 7574403E183044D10008416B;
			productRefGroup = 75744048183044D10008416B /* Products */;
			projectDirPath = "";
			projectRoot = "";
			targets = (
				75744046183044D10008416B /* ObjectVM */,
				75744067183044D10008416B /* ObjectVMTests */,
			);
		};
/* End PBXProject section */

/* Begin PBXResourcesBuildPhase section */
		75744045183044D10008416B /* Resources */ = {
			isa = PBXResourcesBuildPhase;
			buildActionMask = 2147483647;
			files = (
				75744055183044D10008416B /* InfoPlist.strings in Resources */,
				75744063183044D10008416B /* Images.xcassets in Resources */,
				7574405B183044D10008416B /* Credits.rtf in Resources */,
				75744061183044D10008416B /* MainMenu.xib in Resources */,
			);
			runOnlyForDeploymentPostprocessing = 0;
		};
		75744066183044D10008416B /* Resources */ = {
			isa = PBXResourcesBuildPhase;
			buildActionMask = 2147483647;
			files = (
				75744073183044D10008416B /* InfoPlist.strings in Resources */,
			);
			runOnlyForDeploymentPostprocessing = 0;
		};
/* End PBXResourcesBuildPhase section */

/* Begin PBXSourcesBuildPhase section */
		75744043183044D10008416B /* Sources */ = {
			isa = PBXSourcesBuildPhase;
			buildActionMask = 2147483647;
			files = (
				75A88B661847DC14007B7D7A /* parser.c in Sources */,
				7501CBEB183DD97600CCFF42 /* nil.c in Sources */,
				7501CBE6183DD08C00CCFF42 /* class.c in Sources */,
				75744088183048F50008416B /* stack.c in Sources */,
				75744083183046E90008416B /* vm.c in Sources */,
				75A88B541842BF53007B7D7A /* integer.c in Sources */,
				7541EAA918383C800082A78F /* assembler.c in Sources */,
				75A88B5A18431CD3007B7D7A /* tokenizer.c in Sources */,
				757440801830450B0008416B /* object.c in Sources */,
				75A7CE261852F25900D155A3 /* array.c in Sources */,
				7541EAAD1839A07C0082A78F /* block.c in Sources */,
				7541EAA118371D150082A78F /* str.c in Sources */,
				75A88B6118434127007B7D7A /* input_stream.c in Sources */,
				75744057183044D10008416B /* main.m in Sources */,
				7574405E183044D10008416B /* OVMAppDelegate.m in Sources */,
				7541EAA4183727890082A78F /* dictionary.c in Sources */,
				75A88B511841EC52007B7D7A /* primitive_table.c in Sources */,
				75A88B4E183F0B40007B7D7A /* true_false.c in Sources */,
			);
			runOnlyForDeploymentPostprocessing = 0;
		};
		75744064183044D10008416B /* Sources */ = {
			isa = PBXSourcesBuildPhase;
			buildActionMask = 2147483647;
			files = (
				7551789C18645E3100168532 /* OVMStringTests.m in Sources */,
				7551789E1865592000168532 /* OVMVMTests.m in Sources */,
				755178941862D73800168532 /* OVMIntegerTests.m in Sources */,
				755178961862DB8B00168532 /* OVMObjectTests.m in Sources */,
				7551789A1864202B00168532 /* OVMArrayTests.m in Sources */,
				75517898186401C200168532 /* OVMClassTests.m in Sources */,
			);
			runOnlyForDeploymentPostprocessing = 0;
		};
/* End PBXSourcesBuildPhase section */

/* Begin PBXTargetDependency section */
		7574406D183044D10008416B /* PBXTargetDependency */ = {
			isa = PBXTargetDependency;
			target = 75744046183044D10008416B /* ObjectVM */;
			targetProxy = 7574406C183044D10008416B /* PBXContainerItemProxy */;
		};
/* End PBXTargetDependency section */

/* Begin PBXVariantGroup section */
		75744053183044D10008416B /* InfoPlist.strings */ = {
			isa = PBXVariantGroup;
			children = (
				75744054183044D10008416B /* en */,
			);
			name = InfoPlist.strings;
			sourceTree = "<group>";
		};
		75744059183044D10008416B /* Credits.rtf */ = {
			isa = PBXVariantGroup;
			children = (
				7574405A183044D10008416B /* en */,
			);
			name = Credits.rtf;
			sourceTree = "<group>";
		};
		7574405F183044D10008416B /* MainMenu.xib */ = {
			isa = PBXVariantGroup;
			children = (
				75744060183044D10008416B /* Base */,
			);
			name = MainMenu.xib;
			sourceTree = "<group>";
		};
		75744071183044D10008416B /* InfoPlist.strings */ = {
			isa = PBXVariantGroup;
			children = (
				75744072183044D10008416B /* en */,
			);
			name = InfoPlist.strings;
			sourceTree = "<group>";
		};
/* End PBXVariantGroup section */

/* Begin XCBuildConfiguration section */
		75744076183044D10008416B /* Debug */ = {
			isa = XCBuildConfiguration;
			buildSettings = {
				ALWAYS_SEARCH_USER_PATHS = NO;
				CLANG_CXX_LANGUAGE_STANDARD = "gnu++0x";
				CLANG_CXX_LIBRARY = "libc++";
				CLANG_ENABLE_OBJC_ARC = YES;
				CLANG_WARN_BOOL_CONVERSION = YES;
				CLANG_WARN_CONSTANT_CONVERSION = YES;
				CLANG_WARN_DIRECT_OBJC_ISA_USAGE = YES_ERROR;
				CLANG_WARN_EMPTY_BODY = YES;
				CLANG_WARN_ENUM_CONVERSION = YES;
				CLANG_WARN_INT_CONVERSION = YES;
				CLANG_WARN_OBJC_ROOT_CLASS = YES_ERROR;
				CLANG_WARN__DUPLICATE_METHOD_MATCH = YES;
				COPY_PHASE_STRIP = NO;
				GCC_C_LANGUAGE_STANDARD = gnu99;
				GCC_DYNAMIC_NO_PIC = NO;
				GCC_ENABLE_OBJC_EXCEPTIONS = YES;
				GCC_OPTIMIZATION_LEVEL = 0;
				GCC_PREPROCESSOR_DEFINITIONS = (
					"DEBUG=1",
					"$(inherited)",
				);
				GCC_SYMBOLS_PRIVATE_EXTERN = NO;
				GCC_WARN_64_TO_32_BIT_CONVERSION = YES;
				GCC_WARN_ABOUT_RETURN_TYPE = YES_ERROR;
				GCC_WARN_UNDECLARED_SELECTOR = YES;
				GCC_WARN_UNINITIALIZED_AUTOS = YES;
				GCC_WARN_UNUSED_FUNCTION = YES;
				GCC_WARN_UNUSED_VARIABLE = YES;
				MACOSX_DEPLOYMENT_TARGET = 10.8;
				ONLY_ACTIVE_ARCH = YES;
				SDKROOT = macosx;
			};
			name = Debug;
		};
		75744077183044D10008416B /* Release */ = {
			isa = XCBuildConfiguration;
			buildSettings = {
				ALWAYS_SEARCH_USER_PATHS = NO;
				CLANG_CXX_LANGUAGE_STANDARD = "gnu++0x";
				CLANG_CXX_LIBRARY = "libc++";
				CLANG_ENABLE_OBJC_ARC = YES;
				CLANG_WARN_BOOL_CONVERSION = YES;
				CLANG_WARN_CONSTANT_CONVERSION = YES;
				CLANG_WARN_DIRECT_OBJC_ISA_USAGE = YES_ERROR;
				CLANG_WARN_EMPTY_BODY = YES;
				CLANG_WARN_ENUM_CONVERSION = YES;
				CLANG_WARN_INT_CONVERSION = YES;
				CLANG_WARN_OBJC_ROOT_CLASS = YES_ERROR;
				CLANG_WARN__DUPLICATE_METHOD_MATCH = YES;
				COPY_PHASE_STRIP = YES;
				DEBUG_INFORMATION_FORMAT = "dwarf-with-dsym";
				ENABLE_NS_ASSERTIONS = NO;
				GCC_C_LANGUAGE_STANDARD = gnu99;
				GCC_ENABLE_OBJC_EXCEPTIONS = YES;
				GCC_WARN_64_TO_32_BIT_CONVERSION = YES;
				GCC_WARN_ABOUT_RETURN_TYPE = YES_ERROR;
				GCC_WARN_UNDECLARED_SELECTOR = YES;
				GCC_WARN_UNINITIALIZED_AUTOS = YES;
				GCC_WARN_UNUSED_FUNCTION = YES;
				GCC_WARN_UNUSED_VARIABLE = YES;
				MACOSX_DEPLOYMENT_TARGET = 10.8;
				SDKROOT = macosx;
			};
			name = Release;
		};
		75744079183044D10008416B /* Debug */ = {
			isa = XCBuildConfiguration;
			buildSettings = {
				ASSETCATALOG_COMPILER_APPICON_NAME = AppIcon;
				COMBINE_HIDPI_IMAGES = YES;
				GCC_PRECOMPILE_PREFIX_HEADER = YES;
				GCC_PREFIX_HEADER = "ObjectVM/ObjectVM-Prefix.pch";
				INFOPLIST_FILE = "ObjectVM/ObjectVM-Info.plist";
				PRODUCT_NAME = "$(TARGET_NAME)";
				WRAPPER_EXTENSION = app;
			};
			name = Debug;
		};
		7574407A183044D10008416B /* Release */ = {
			isa = XCBuildConfiguration;
			buildSettings = {
				ASSETCATALOG_COMPILER_APPICON_NAME = AppIcon;
				COMBINE_HIDPI_IMAGES = YES;
				GCC_PRECOMPILE_PREFIX_HEADER = YES;
				GCC_PREFIX_HEADER = "ObjectVM/ObjectVM-Prefix.pch";
				INFOPLIST_FILE = "ObjectVM/ObjectVM-Info.plist";
				PRODUCT_NAME = "$(TARGET_NAME)";
				WRAPPER_EXTENSION = app;
			};
			name = Release;
		};
		7574407C183044D10008416B /* Debug */ = {
			isa = XCBuildConfiguration;
			buildSettings = {
				BUNDLE_LOADER = "$(BUILT_PRODUCTS_DIR)/ObjectVM.app/Contents/MacOS/ObjectVM";
				COMBINE_HIDPI_IMAGES = YES;
				FRAMEWORK_SEARCH_PATHS = (
					"$(DEVELOPER_FRAMEWORKS_DIR)",
					"$(inherited)",
				);
				GCC_PRECOMPILE_PREFIX_HEADER = YES;
				GCC_PREFIX_HEADER = "ObjectVM/ObjectVM-Prefix.pch";
				GCC_PREPROCESSOR_DEFINITIONS = (
					"DEBUG=1",
					"$(inherited)",
				);
				INFOPLIST_FILE = "ObjectVMTests/ObjectVMTests-Info.plist";
				PRODUCT_NAME = "$(TARGET_NAME)";
				TEST_HOST = "$(BUNDLE_LOADER)";
				WRAPPER_EXTENSION = xctest;
			};
			name = Debug;
		};
		7574407D183044D10008416B /* Release */ = {
			isa = XCBuildConfiguration;
			buildSettings = {
				BUNDLE_LOADER = "$(BUILT_PRODUCTS_DIR)/ObjectVM.app/Contents/MacOS/ObjectVM";
				COMBINE_HIDPI_IMAGES = YES;
				FRAMEWORK_SEARCH_PATHS = (
					"$(DEVELOPER_FRAMEWORKS_DIR)",
					"$(inherited)",
				);
				GCC_PRECOMPILE_PREFIX_HEADER = YES;
				GCC_PREFIX_HEADER = "ObjectVM/ObjectVM-Prefix.pch";
				INFOPLIST_FILE = "ObjectVMTests/ObjectVMTests-Info.plist";
				PRODUCT_NAME = "$(TARGET_NAME)";
				TEST_HOST = "$(BUNDLE_LOADER)";
				WRAPPER_EXTENSION = xctest;
			};
			name = Release;
		};
/* End XCBuildConfiguration section */

/* Begin XCConfigurationList section */
		75744042183044D10008416B /* Build configuration list for PBXProject "ObjectVM" */ = {
			isa = XCConfigurationList;
			buildConfigurations = (
				75744076183044D10008416B /* Debug */,
				75744077183044D10008416B /* Release */,
			);
			defaultConfigurationIsVisible = 0;
			defaultConfigurationName = Release;
		};
		75744078183044D10008416B /* Build configuration list for PBXNativeTarget "ObjectVM" */ = {
			isa = XCConfigurationList;
			buildConfigurations = (
				75744079183044D10008416B /* Debug */,
				7574407A183044D10008416B /* Release */,
			);
			defaultConfigurationIsVisible = 0;
			defaultConfigurationName = Release;
		};
		7574407B183044D10008416B /* Build configuration list for PBXNativeTarget "ObjectVMTests" */ = {
			isa = XCConfigurationList;
			buildConfigurations = (
				7574407C183044D10008416B /* Debug */,
				7574407D183044D10008416B /* Release */,
			);
			defaultConfigurationIsVisible = 0;
			defaultConfigurationName = Release;
		};
/* End XCConfigurationList section */
	};
	rootObject = 7574403F183044D10008416B /* Project object */;
}
